
Microsoft Visual Studio Solution File, Format Version 12.00
# Visual Studio Version 17
VisualStudioVersion = 17.5.33627.172
MinimumVisualStudioVersion = 10.0.40219.1
Project("{9A19103F-16F7-4668-BE54-9A1E7A4F7556}") = "SuperShop2", "SuperShop2\SuperShop2.csproj", "{90A39BBE-7235-4572-A660-08AE148F31A3}"
EndProject
Project("{FAE04EC0-301F-11D3-BF4B-00C04F79EFBC}") = "SuperShop2.Prism", "SuperShop2.Prism\SuperShop2.Prism\SuperShop2.Prism.csproj", "{46BA071F-F5F0-471C-806A-13FA6C2E901B}"
EndProject
Project("{FAE04EC0-301F-11D3-BF4B-00C04F79EFBC}") = "SuperShop2.Prism.Android", "SuperShop2.Prism\SuperShop2.Prism.Android\SuperShop2.Prism.Android.csproj", "{7E406AE5-9E81-44E9-A53B-40ADB18FFFA7}"
EndProject
Project("{FAE04EC0-301F-11D3-BF4B-00C04F79EFBC}") = "SuperShop2.Prism.iOS", "SuperShop2.Prism\SuperShop2.Prism.iOS\SuperShop2.Prism.iOS.csproj", "{6E10750D-D425-464E-9436-4E45DAAEF7EF}"
EndProject
Global
	GlobalSection(SolutionConfigurationPlatforms) = preSolution
		Ad-Hoc|Any CPU = Ad-Hoc|Any CPU
		Ad-Hoc|iPhone = Ad-Hoc|iPhone
		Ad-Hoc|iPhoneSimulator = Ad-Hoc|iPhoneSimulator
		AppStore|Any CPU = AppStore|Any CPU
		AppStore|iPhone = AppStore|iPhone
		AppStore|iPhoneSimulator = AppStore|iPhoneSimulator
		Debug|Any CPU = Debug|Any CPU
		Debug|iPhone = Debug|iPhone
		Debug|iPhoneSimulator = Debug|iPhoneSimulator
		Release|Any CPU = Release|Any CPU
		Release|iPhone = Release|iPhone
		Release|iPhoneSimulator = Release|iPhoneSimulator
	EndGlobalSection
	GlobalSection(ProjectConfigurationPlatforms) = postSolution
		{90A39BBE-7235-4572-A660-08AE148F31A3}.Ad-Hoc|Any CPU.ActiveCfg = Release|Any CPU
		{90A39BBE-7235-4572-A660-08AE148F31A3}.Ad-Hoc|Any CPU.Build.0 = Release|Any CPU
		{90A39BBE-7235-4572-A660-08AE148F31A3}.Ad-Hoc|iPhone.ActiveCfg = Release|Any CPU
		{90A39BBE-7235-4572-A660-08AE148F31A3}.Ad-Hoc|iPhone.Build.0 = Release|Any CPU
		{90A39BBE-7235-4572-A660-08AE148F31A3}.Ad-Hoc|iPhoneSimulator.ActiveCfg = Release|Any CPU
		{90A39BBE-7235-4572-A660-08AE148F31A3}.Ad-Hoc|iPhoneSimulator.Build.0 = Release|Any CPU
		{90A39BBE-7235-4572-A660-08AE148F31A3}.AppStore|Any CPU.ActiveCfg = Release|Any CPU
		{90A39BBE-7235-4572-A660-08AE148F31A3}.AppStore|Any CPU.Build.0 = Release|Any CPU
		{90A39BBE-7235-4572-A660-08AE148F31A3}.AppStore|iPhone.ActiveCfg = Release|Any CPU
		{90A39BBE-7235-4572-A660-08AE148F31A3}.AppStore|iPhone.Build.0 = Release|Any CPU
		{90A39BBE-7235-4572-A660-08AE148F31A3}.AppStore|iPhoneSimulator.ActiveCfg = Release|Any CPU
		{90A39BBE-7235-4572-A660-08AE148F31A3}.AppStore|iPhoneSimulator.Build.0 = Release|Any CPU
		{90A39BBE-7235-4572-A660-08AE148F31A3}.Debug|Any CPU.ActiveCfg = Debug|Any CPU
		{90A39BBE-7235-4572-A660-08AE148F31A3}.Debug|Any CPU.Build.0 = Debug|Any CPU
		{90A39BBE-7235-4572-A660-08AE148F31A3}.Debug|iPhone.ActiveCfg = Debug|Any CPU
		{90A39BBE-7235-4572-A660-08AE148F31A3}.Debug|iPhone.Build.0 = Debug|Any CPU
		{90A39BBE-7235-4572-A660-08AE148F31A3}.Debug|iPhoneSimulator.ActiveCfg = Debug|Any CPU
		{90A39BBE-7235-4572-A660-08AE148F31A3}.Debug|iPhoneSimulator.Build.0 = Debug|Any CPU
		{90A39BBE-7235-4572-A660-08AE148F31A3}.Release|Any CPU.ActiveCfg = Release|Any CPU
		{90A39BBE-7235-4572-A660-08AE148F31A3}.Release|Any CPU.Build.0 = Release|Any CPU
		{90A39BBE-7235-4572-A660-08AE148F31A3}.Release|iPhone.ActiveCfg = Release|Any CPU
		{90A39BBE-7235-4572-A660-08AE148F31A3}.Release|iPhone.Build.0 = Release|Any CPU
		{90A39BBE-7235-4572-A660-08AE148F31A3}.Release|iPhoneSimulator.ActiveCfg = Release|Any CPU
		{90A39BBE-7235-4572-A660-08AE148F31A3}.Release|iPhoneSimulator.Build.0 = Release|Any CPU
		{46BA071F-F5F0-471C-806A-13FA6C2E901B}.Ad-Hoc|Any CPU.ActiveCfg = Debug|Any CPU
		{46BA071F-F5F0-471C-806A-13FA6C2E901B}.Ad-Hoc|Any CPU.Build.0 = Debug|Any CPU
		{46BA071F-F5F0-471C-806A-13FA6C2E901B}.Ad-Hoc|iPhone.ActiveCfg = Debug|Any CPU
		{46BA071F-F5F0-471C-806A-13FA6C2E901B}.Ad-Hoc|iPhone.Build.0 = Debug|Any CPU
		{46BA071F-F5F0-471C-806A-13FA6C2E901B}.Ad-Hoc|iPhoneSimulator.ActiveCfg = Debug|Any CPU
		{46BA071F-F5F0-471C-806A-13FA6C2E901B}.Ad-Hoc|iPhoneSimulator.Build.0 = Debug|Any CPU
		{46BA071F-F5F0-471C-806A-13FA6C2E901B}.AppStore|Any CPU.ActiveCfg = Debug|Any CPU
		{46BA071F-F5F0-471C-806A-13FA6C2E901B}.AppStore|Any CPU.Build.0 = Debug|Any CPU
		{46BA071F-F5F0-471C-806A-13FA6C2E901B}.AppStore|iPhone.ActiveCfg = Debug|Any CPU
		{46BA071F-F5F0-471C-806A-13FA6C2E901B}.AppStore|iPhone.Build.0 = Debug|Any CPU
		{46BA071F-F5F0-471C-806A-13FA6C2E901B}.AppStore|iPhoneSimulator.ActiveCfg = Debug|Any CPU
		{46BA071F-F5F0-471C-806A-13FA6C2E901B}.AppStore|iPhoneSimulator.Build.0 = Debug|Any CPU
		{46BA071F-F5F0-471C-806A-13FA6C2E901B}.Debug|Any CPU.ActiveCfg = Debug|Any CPU
		{46BA071F-F5F0-471C-806A-13FA6C2E901B}.Debug|Any CPU.Build.0 = Debug|Any CPU
		{46BA071F-F5F0-471C-806A-13FA6C2E901B}.Debug|iPhone.ActiveCfg = Debug|Any CPU
		{46BA071F-F5F0-471C-806A-13FA6C2E901B}.Debug|iPhone.Build.0 = Debug|Any CPU
		{46BA071F-F5F0-471C-806A-13FA6C2E901B}.Debug|iPhoneSimulator.ActiveCfg = Debug|Any CPU
		{46BA071F-F5F0-471C-806A-13FA6C2E901B}.Debug|iPhoneSimulator.Build.0 = Debug|Any CPU
		{46BA071F-F5F0-471C-806A-13FA6C2E901B}.Release|Any CPU.ActiveCfg = Release|Any CPU
		{46BA071F-F5F0-471C-806A-13FA6C2E901B}.Release|Any CPU.Build.0 = Release|Any CPU
		{46BA071F-F5F0-471C-806A-13FA6C2E901B}.Release|iPhone.ActiveCfg = Release|Any CPU
		{46BA071F-F5F0-471C-806A-13FA6C2E901B}.Release|iPhone.Build.0 = Release|Any CPU
		{46BA071F-F5F0-471C-806A-13FA6C2E901B}.Release|iPhoneSimulator.ActiveCfg = Release|Any CPU
		{46BA071F-F5F0-471C-806A-13FA6C2E901B}.Release|iPhoneSimulator.Build.0 = Release|Any CPU
		{7E406AE5-9E81-44E9-A53B-40ADB18FFFA7}.Ad-Hoc|Any CPU.ActiveCfg = Debug|Any CPU
		{7E406AE5-9E81-44E9-A53B-40ADB18FFFA7}.Ad-Hoc|Any CPU.Build.0 = Debug|Any CPU
		{7E406AE5-9E81-44E9-A53B-40ADB18FFFA7}.Ad-Hoc|Any CPU.Deploy.0 = Debug|Any CPU
		{7E406AE5-9E81-44E9-A53B-40ADB18FFFA7}.Ad-Hoc|iPhone.ActiveCfg = Debug|Any CPU
		{7E406AE5-9E81-44E9-A53B-40ADB18FFFA7}.Ad-Hoc|iPhone.Build.0 = Debug|Any CPU
		{7E406AE5-9E81-44E9-A53B-40ADB18FFFA7}.Ad-Hoc|iPhone.Deploy.0 = Debug|Any CPU
		{7E406AE5-9E81-44E9-A53B-40ADB18FFFA7}.Ad-Hoc|iPhoneSimulator.ActiveCfg = Debug|Any CPU
		{7E406AE5-9E81-44E9-A53B-40ADB18FFFA7}.Ad-Hoc|iPhoneSimulator.Build.0 = Debug|Any CPU
		{7E406AE5-9E81-44E9-A53B-40ADB18FFFA7}.Ad-Hoc|iPhoneSimulator.Deploy.0 = Debug|Any CPU
		{7E406AE5-9E81-44E9-A53B-40ADB18FFFA7}.AppStore|Any CPU.ActiveCfg = Debug|Any CPU
		{7E406AE5-9E81-44E9-A53B-40ADB18FFFA7}.AppStore|Any CPU.Build.0 = Debug|Any CPU
		{7E406AE5-9E81-44E9-A53B-40ADB18FFFA7}.AppStore|Any CPU.Deploy.0 = Debug|Any CPU
		{7E406AE5-9E81-44E9-A53B-40ADB18FFFA7}.AppStore|iPhone.ActiveCfg = Debug|Any CPU
		{7E406AE5-9E81-44E9-A53B-40ADB18FFFA7}.AppStore|iPhone.Build.0 = Debug|Any CPU
		{7E406AE5-9E81-44E9-A53B-40ADB18FFFA7}.AppStore|iPhone.Deploy.0 = Debug|Any CPU
		{7E406AE5-9E81-44E9-A53B-40ADB18FFFA7}.AppStore|iPhoneSimulator.ActiveCfg = Debug|Any CPU
		{7E406AE5-9E81-44E9-A53B-40ADB18FFFA7}.AppStore|iPhoneSimulator.Build.0 = Debug|Any CPU
		{7E406AE5-9E81-44E9-A53B-40ADB18FFFA7}.AppStore|iPhoneSimulator.Deploy.0 = Debug|Any CPU
		{7E406AE5-9E81-44E9-A53B-40ADB18FFFA7}.Debug|Any CPU.ActiveCfg = Debug|Any CPU
		{7E406AE5-9E81-44E9-A53B-40ADB18FFFA7}.Debug|Any CPU.Build.0 = Debug|Any CPU
		{7E406AE5-9E81-44E9-A53B-40ADB18FFFA7}.Debug|Any CPU.Deploy.0 = Debug|Any CPU
		{7E406AE5-9E81-44E9-A53B-40ADB18FFFA7}.Debug|iPhone.ActiveCfg = Debug|Any CPU
		{7E406AE5-9E81-44E9-A53B-40ADB18FFFA7}.Debug|iPhone.Build.0 = Debug|Any CPU
		{7E406AE5-9E81-44E9-A53B-40ADB18FFFA7}.Debug|iPhone.Deploy.0 = Debug|Any CPU
		{7E406AE5-9E81-44E9-A53B-40ADB18FFFA7}.Debug|iPhoneSimulator.ActiveCfg = Debug|Any CPU
		{7E406AE5-9E81-44E9-A53B-40ADB18FFFA7}.Debug|iPhoneSimulator.Build.0 = Debug|Any CPU
		{7E406AE5-9E81-44E9-A53B-40ADB18FFFA7}.Debug|iPhoneSimulator.Deploy.0 = Debug|Any CPU
		{7E406AE5-9E81-44E9-A53B-40ADB18FFFA7}.Release|Any CPU.ActiveCfg = Release|Any CPU
		{7E406AE5-9E81-44E9-A53B-40ADB18FFFA7}.Release|Any CPU.Build.0 = Release|Any CPU
		{7E406AE5-9E81-44E9-A53B-40ADB18FFFA7}.Release|Any CPU.Deploy.0 = Release|Any CPU
		{7E406AE5-9E81-44E9-A53B-40ADB18FFFA7}.Release|iPhone.ActiveCfg = Release|Any CPU
		{7E406AE5-9E81-44E9-A53B-40ADB18FFFA7}.Release|iPhone.Build.0 = Release|Any CPU
		{7E406AE5-9E81-44E9-A53B-40ADB18FFFA7}.Release|iPhone.Deploy.0 = Release|Any CPU
		{7E406AE5-9E81-44E9-A53B-40ADB18FFFA7}.Release|iPhoneSimulator.ActiveCfg = Release|Any CPU
		{7E406AE5-9E81-44E9-A53B-40ADB18FFFA7}.Release|iPhoneSimulator.Build.0 = Release|Any CPU
		{7E406AE5-9E81-44E9-A53B-40ADB18FFFA7}.Release|iPhoneSimulator.Deploy.0 = Release|Any CPU
		{6E10750D-D425-464E-9436-4E45DAAEF7EF}.Ad-Hoc|Any CPU.ActiveCfg = Ad-Hoc|iPhoneSimulator
		{6E10750D-D425-464E-9436-4E45DAAEF7EF}.Ad-Hoc|Any CPU.Build.0 = Ad-Hoc|iPhoneSimulator
		{6E10750D-D425-464E-9436-4E45DAAEF7EF}.Ad-Hoc|iPhone.ActiveCfg = Ad-Hoc|iPhone
		{6E10750D-D425-464E-9436-4E45DAAEF7EF}.Ad-Hoc|iPhone.Build.0 = Ad-Hoc|iPhone
		{6E10750D-D425-464E-9436-4E45DAAEF7EF}.Ad-Hoc|iPhoneSimulator.ActiveCfg = Ad-Hoc|iPhoneSimulator
		{6E10750D-D425-464E-9436-4E45DAAEF7EF}.Ad-Hoc|iPhoneSimulator.Build.0 = Ad-Hoc|iPhoneSimulator
		{6E10750D-D425-464E-9436-4E45DAAEF7EF}.AppStore|Any CPU.ActiveCfg = AppStore|iPhoneSimulator
		{6E10750D-D425-464E-9436-4E45DAAEF7EF}.AppStore|Any CPU.Build.0 = AppStore|iPhoneSimulator
		{6E10750D-D425-464E-9436-4E45DAAEF7EF}.AppStore|iPhone.ActiveCfg = AppStore|iPhone
		{6E10750D-D425-464E-9436-4E45DAAEF7EF}.AppStore|iPhone.Build.0 = AppStore|iPhone
		{6E10750D-D425-464E-9436-4E45DAAEF7EF}.AppStore|iPhoneSimulator.ActiveCfg = AppStore|iPhoneSimulator
		{6E10750D-D425-464E-9436-4E45DAAEF7EF}.AppStore|iPhoneSimulator.Build.0 = AppStore|iPhoneSimulator
		{6E10750D-D425-464E-9436-4E45DAAEF7EF}.Debug|Any CPU.ActiveCfg = Debug|iPhoneSimulator
		{6E10750D-D425-464E-9436-4E45DAAEF7EF}.Debug|Any CPU.Build.0 = Debug|iPhoneSimulator
		{6E10750D-D425-464E-9436-4E45DAAEF7EF}.Debug|iPhone.ActiveCfg = Debug|iPhone
		{6E10750D-D425-464E-9436-4E45DAAEF7EF}.Debug|iPhone.Build.0 = Debug|iPhone
		{6E10750D-D425-464E-9436-4E45DAAEF7EF}.Debug|iPhoneSimulator.ActiveCfg = Debug|iPhoneSimulator
		{6E10750D-D425-464E-9436-4E45DAAEF7EF}.Debug|iPhoneSimulator.Build.0 = Debug|iPhoneSimulator
		{6E10750D-D425-464E-9436-4E45DAAEF7EF}.Release|Any CPU.ActiveCfg = Release|iPhoneSimulator
		{6E10750D-D425-464E-9436-4E45DAAEF7EF}.Release|Any CPU.Build.0 = Release|iPhoneSimulator
		{6E10750D-D425-464E-9436-4E45DAAEF7EF}.Release|iPhone.ActiveCfg = Release|iPhone
		{6E10750D-D425-464E-9436-4E45DAAEF7EF}.Release|iPhone.Build.0 = Release|iPhone
		{6E10750D-D425-464E-9436-4E45DAAEF7EF}.Release|iPhoneSimulator.ActiveCfg = Release|iPhoneSimulator
		{6E10750D-D425-464E-9436-4E45DAAEF7EF}.Release|iPhoneSimulator.Build.0 = Release|iPhoneSimulator
	EndGlobalSection
	GlobalSection(SolutionProperties) = preSolution
		HideSolutionNode = FALSE
	EndGlobalSection
	GlobalSection(ExtensibilityGlobals) = postSolution
		SolutionGuid = {6E491BB9-8514-4FA0-A3C3-AE2521BE73C5}
	EndGlobalSection
EndGlobal
